// !$*UTF8*$!
{
	archiveVersion = 1;
	classes = {
	};
	objectVersion = 46;
	objects = {

/* Begin PBXBuildFile section */
		32459B2E1D5CF71D006328CC /* AppDelegate.swift in Sources */ = {isa = PBXBuildFile; fileRef = 32459B2D1D5CF71D006328CC /* AppDelegate.swift */; };
		32459B301D5CF71D006328CC /* ViewController.swift in Sources */ = {isa = PBXBuildFile; fileRef = 32459B2F1D5CF71D006328CC /* ViewController.swift */; };
		32459B331D5CF71D006328CC /* Main.storyboard in Resources */ = {isa = PBXBuildFile; fileRef = 32459B311D5CF71D006328CC /* Main.storyboard */; };
		32459B351D5CF71D006328CC /* Assets.xcassets in Resources */ = {isa = PBXBuildFile; fileRef = 32459B341D5CF71D006328CC /* Assets.xcassets */; };
		32459B381D5CF71D006328CC /* LaunchScreen.storyboard in Resources */ = {isa = PBXBuildFile; fileRef = 32459B361D5CF71D006328CC /* LaunchScreen.storyboard */; };
		32459B431D5CF71E006328CC /* PitchPerfectTests.swift in Sources */ = {isa = PBXBuildFile; fileRef = 32459B421D5CF71E006328CC /* PitchPerfectTests.swift */; };
		32459B4E1D5CF71E006328CC /* PitchPerfectUITests.swift in Sources */ = {isa = PBXBuildFile; fileRef = 32459B4D1D5CF71E006328CC /* PitchPerfectUITests.swift */; };
/* End PBXBuildFile section */

/* Begin PBXContainerItemProxy section */
		32459B3F1D5CF71E006328CC /* PBXContainerItemProxy */ = {
			isa = PBXContainerItemProxy;
			containerPortal = 32459B221D5CF71D006328CC /* Project object */;
			proxyType = 1;
			remoteGlobalIDString = 32459B291D5CF71D006328CC;
			remoteInfo = PitchPerfect;
		};
		32459B4A1D5CF71E006328CC /* PBXContainerItemProxy */ = {
			isa = PBXContainerItemProxy;
			containerPortal = 32459B221D5CF71D006328CC /* Project object */;
			proxyType = 1;
			remoteGlobalIDString = 32459B291D5CF71D006328CC;
			remoteInfo = PitchPerfect;
		};
/* End PBXContainerItemProxy section */

/* Begin PBXFileReference section */
		32459B2A1D5CF71D006328CC /* PitchPerfect.app */ = {isa = PBXFileReference; explicitFileType = wrapper.application; includeInIndex = 0; path = PitchPerfect.app; sourceTree = BUILT_PRODUCTS_DIR; };
		32459B2D1D5CF71D006328CC /* AppDelegate.swift */ = {isa = PBXFileReference; lastKnownFileType = sourcecode.swift; path = AppDelegate.swift; sourceTree = "<group>"; };
		32459B2F1D5CF71D006328CC /* ViewController.swift */ = {isa = PBXFileReference; lastKnownFileType = sourcecode.swift; path = ViewController.swift; sourceTree = "<group>"; };
		32459B321D5CF71D006328CC /* Base */ = {isa = PBXFileReference; lastKnownFileType = file.storyboard; name = Base; path = Base.lproj/Main.storyboard; sourceTree = "<group>"; };
		32459B341D5CF71D006328CC /* Assets.xcassets */ = {isa = PBXFileReference; lastKnownFileType = folder.assetcatalog; path = Assets.xcassets; sourceTree = "<group>"; };
		32459B371D5CF71D006328CC /* Base */ = {isa = PBXFileReference; lastKnownFileType = file.storyboard; name = Base; path = Base.lproj/LaunchScreen.storyboard; sourceTree = "<group>"; };
		32459B391D5CF71D006328CC /* Info.plist */ = {isa = PBXFileReference; lastKnownFileType = text.plist.xml; path = Info.plist; sourceTree = "<group>"; };
		32459B3E1D5CF71E006328CC /* PitchPerfectTests.xctest */ = {isa = PBXFileReference; explicitFileType = wrapper.cfbundle; includeInIndex = 0; path = PitchPerfectTests.xctest; sourceTree = BUILT_PRODUCTS_DIR; };
		32459B421D5CF71E006328CC /* PitchPerfectTests.swift */ = {isa = PBXFileReference; lastKnownFileType = sourcecode.swift; path = PitchPerfectTests.swift; sourceTree = "<group>"; };
		32459B441D5CF71E006328CC /* Info.plist */ = {isa = PBXFileReference; lastKnownFileType = text.plist.xml; path = Info.plist; sourceTree = "<group>"; };
		32459B491D5CF71E006328CC /* PitchPerfectUITests.xctest */ = {isa = PBXFileReference; explicitFileType = wrapper.cfbundle; includeInIndex = 0; path = PitchPerfectUITests.xctest; sourceTree = BUILT_PRODUCTS_DIR; };
		32459B4D1D5CF71E006328CC /* PitchPerfectUITests.swift */ = {isa = PBXFileReference; lastKnownFileType = sourcecode.swift; path = PitchPerfectUITests.swift; sourceTree = "<group>"; };
		32459B4F1D5CF71E006328CC /* Info.plist */ = {isa = PBXFileReference; lastKnownFileType = text.plist.xml; path = Info.plist; sourceTree = "<group>"; };
/* End PBXFileReference section */

/* Begin PBXFrameworksBuildPhase section */
		32459B271D5CF71D006328CC /* Frameworks */ = {
			isa = PBXFrameworksBuildPhase;
			buildActionMask = 2147483647;
			files = (
			);
			runOnlyForDeploymentPostprocessing = 0;
		};
		32459B3B1D5CF71E006328CC /* Frameworks */ = {
			isa = PBXFrameworksBuildPhase;
			buildActionMask = 2147483647;
			files = (
			);
			runOnlyForDeploymentPostprocessing = 0;
		};
		32459B461D5CF71E006328CC /* Frameworks */ = {
			isa = PBXFrameworksBuildPhase;
			buildActionMask = 2147483647;
			files = (
			);
			runOnlyForDeploymentPostprocessing = 0;
		};
/* End PBXFrameworksBuildPhase section */

/* Begin PBXGroup section */
		32459B211D5CF71D006328CC = {
			isa = PBXGroup;
			children = (
				32459B2C1D5CF71D006328CC /* PitchPerfect */,
				32459B411D5CF71E006328CC /* PitchPerfectTests */,
				32459B4C1D5CF71E006328CC /* PitchPerfectUITests */,
				32459B2B1D5CF71D006328CC /* Products */,
			);
			sourceTree = "<group>";
		};
		32459B2B1D5CF71D006328CC /* Products */ = {
			isa = PBXGroup;
			children = (
				32459B2A1D5CF71D006328CC /* PitchPerfect.app */,
				32459B3E1D5CF71E006328CC /* PitchPerfectTests.xctest */,
				32459B491D5CF71E006328CC /* PitchPerfectUITests.xctest */,
			);
			name = Products;
			sourceTree = "<group>";
		};
		32459B2C1D5CF71D006328CC /* PitchPerfect */ = {
			isa = PBXGroup;
			children = (
				32459B2D1D5CF71D006328CC /* AppDelegate.swift */,
				32459B2F1D5CF71D006328CC /* ViewController.swift */,
				32459B311D5CF71D006328CC /* Main.storyboard */,
				32459B341D5CF71D006328CC /* Assets.xcassets */,
				32459B361D5CF71D006328CC /* LaunchScreen.storyboard */,
				32459B391D5CF71D006328CC /* Info.plist */,
			);
			path = PitchPerfect;
			sourceTree = "<group>";
		};
		32459B411D5CF71E006328CC /* PitchPerfectTests */ = {
			isa = PBXGroup;
			children = (
				32459B421D5CF71E006328CC /* PitchPerfectTests.swift */,
				32459B441D5CF71E006328CC /* Info.plist */,
			);
			path = PitchPerfectTests;
			sourceTree = "<group>";
		};
		32459B4C1D5CF71E006328CC /* PitchPerfectUITests */ = {
			isa = PBXGroup;
			children = (
				32459B4D1D5CF71E006328CC /* PitchPerfectUITests.swift */,
				32459B4F1D5CF71E006328CC /* Info.plist */,
			);
			path = PitchPerfectUITests;
			sourceTree = "<group>";
		};
/* End PBXGroup section */

/* Begin PBXNativeTarget section */
		32459B291D5CF71D006328CC /* PitchPerfect */ = {
			isa = PBXNativeTarget;
			buildConfigurationList = 32459B521D5CF71E006328CC /* Build configuration list for PBXNativeTarget "PitchPerfect" */;
			buildPhases = (
				32459B261D5CF71D006328CC /* Sources */,
				32459B271D5CF71D006328CC /* Frameworks */,
				32459B281D5CF71D006328CC /* Resources */,
			);
			buildRules = (
			);
			dependencies = (
			);
			name = PitchPerfect;
			productName = PitchPerfect;
			productReference = 32459B2A1D5CF71D006328CC /* PitchPerfect.app */;
			productType = "com.apple.product-type.application";
		};
		32459B3D1D5CF71E006328CC /* PitchPerfectTests */ = {
			isa = PBXNativeTarget;
			buildConfigurationList = 32459B551D5CF71E006328CC /* Build configuration list for PBXNativeTarget "PitchPerfectTests" */;
			buildPhases = (
				32459B3A1D5CF71E006328CC /* Sources */,
				32459B3B1D5CF71E006328CC /* Frameworks */,
				32459B3C1D5CF71E006328CC /* Resources */,
			);
			buildRules = (
			);
			dependencies = (
				32459B401D5CF71E006328CC /* PBXTargetDependency */,
			);
			name = PitchPerfectTests;
			productName = PitchPerfectTests;
			productReference = 32459B3E1D5CF71E006328CC /* PitchPerfectTests.xctest */;
			productType = "com.apple.product-type.bundle.unit-test";
		};
		32459B481D5CF71E006328CC /* PitchPerfectUITests */ = {
			isa = PBXNativeTarget;
			buildConfigurationList = 32459B581D5CF71E006328CC /* Build configuration list for PBXNativeTarget "PitchPerfectUITests" */;
			buildPhases = (
				32459B451D5CF71E006328CC /* Sources */,
				32459B461D5CF71E006328CC /* Frameworks */,
				32459B471D5CF71E006328CC /* Resources */,
			);
			buildRules = (
			);
			dependencies = (
				32459B4B1D5CF71E006328CC /* PBXTargetDependency */,
			);
			name = PitchPerfectUITests;
			productName = PitchPerfectUITests;
			productReference = 32459B491D5CF71E006328CC /* PitchPerfectUITests.xctest */;
			productType = "com.apple.product-type.bundle.ui-testing";
		};
/* End PBXNativeTarget section */

/* Begin PBXProject section */
		32459B221D5CF71D006328CC /* Project object */ = {
			isa = PBXProject;
			attributes = {
				LastSwiftUpdateCheck = 0730;
				LastUpgradeCheck = 0730;
				ORGANIZATIONNAME = "Weijie Wang";
				TargetAttributes = {
					32459B291D5CF71D006328CC = {
						CreatedOnToolsVersion = 7.3.1;
					};
					32459B3D1D5CF71E006328CC = {
						CreatedOnToolsVersion = 7.3.1;
						TestTargetID = 32459B291D5CF71D006328CC;
					};
					32459B481D5CF71E006328CC = {
						CreatedOnToolsVersion = 7.3.1;
						TestTargetID = 32459B291D5CF71D006328CC;
					};
				};
			};
			buildConfigurationList = 32459B251D5CF71D006328CC /* Build configuration list for PBXProject "PitchPerfect" */;
			compatibilityVersion = "Xcode 3.2";
			developmentRegion = English;
			hasScannedForEncodings = 0;
			knownRegions = (
				en,
				Base,
			);
			mainGroup = 32459B211D5CF71D006328CC;
			productRefGroup = 32459B2B1D5CF71D006328CC /* Products */;
			projectDirPath = "";
			projectRoot = "";
			targets = (
				32459B291D5CF71D006328CC /* PitchPerfect */,
				32459B3D1D5CF71E006328CC /* PitchPerfectTests */,
				32459B481D5CF71E006328CC /* PitchPerfectUITests */,
			);
		};
/* End PBXProject section */

/* Begin PBXResourcesBuildPhase section */
		32459B281D5CF71D006328CC /* Resources */ = {
			isa = PBXResourcesBuildPhase;
			buildActionMask = 2147483647;
			files = (
				32459B381D5CF71D006328CC /* LaunchScreen.storyboard in Resources */,
				32459B351D5CF71D006328CC /* Assets.xcassets in Resources */,
				32459B331D5CF71D006328CC /* Main.storyboard in Resources */,
			);
			runOnlyForDeploymentPostprocessing = 0;
		};
		32459B3C1D5CF71E006328CC /* Resources */ = {
			isa = PBXResourcesBuildPhase;
			buildActionMask = 2147483647;
			files = (
			);
			runOnlyForDeploymentPostprocessing = 0;
		};
		32459B471D5CF71E006328CC /* Resources */ = {
			isa = PBXResourcesBuildPhase;
			buildActionMask = 2147483647;
			files = (
			);
			runOnlyForDeploymentPostprocessing = 0;
		};
/* End PBXResourcesBuildPhase section */

/* Begin PBXSourcesBuildPhase section */
		32459B261D5CF71D006328CC /* Sources */ = {
			isa = PBXSourcesBuildPhase;
			buildActionMask = 2147483647;
			files = (
				32459B301D5CF71D006328CC /* ViewController.swift in Sources */,
				32459B2E1D5CF71D006328CC /* AppDelegate.swift in Sources */,
			);
			runOnlyForDeploymentPostprocessing = 0;
		};
		32459B3A1D5CF71E006328CC /* Sources */ = {
			isa = PBXSourcesBuildPhase;
			buildActionMask = 2147483647;
			files = (
				32459B431D5CF71E006328CC /* PitchPerfectTests.swift in Sources */,
			);
			runOnlyForDeploymentPostprocessing = 0;
		};
		32459B451D5CF71E006328CC /* Sources */ = {
			isa = PBXSourcesBuildPhase;
			buildActionMask = 2147483647;
			files = (
				32459B4E1D5CF71E006328CC /* PitchPerfectUITests.swift in Sources */,
			);
			runOnlyForDeploymentPostprocessing = 0;
		};
/* End PBXSourcesBuildPhase section */

/* Begin PBXTargetDependency section */
		32459B401D5CF71E006328CC /* PBXTargetDependency */ = {
			isa = PBXTargetDependency;
			target = 32459B291D5CF71D006328CC /* PitchPerfect */;
			targetProxy = 32459B3F1D5CF71E006328CC /* PBXContainerItemProxy */;
		};
		32459B4B1D5CF71E006328CC /* PBXTargetDependency */ = {
			isa = PBXTargetDependency;
			target = 32459B291D5CF71D006328CC /* PitchPerfect */;
			targetProxy = 32459B4A1D5CF71E006328CC /* PBXContainerItemProxy */;
		};
/* End PBXTargetDependency section */

/* Begin PBXVariantGroup section */
		32459B311D5CF71D006328CC /* Main.storyboard */ = {
			isa = PBXVariantGroup;
			children = (
				32459B321D5CF71D006328CC /* Base */,
			);
			name = Main.storyboard;
			sourceTree = "<group>";
		};
		32459B361D5CF71D006328CC /* LaunchScreen.storyboard */ = {
			isa = PBXVariantGroup;
			children = (
				32459B371D5CF71D006328CC /* Base */,
			);
			name = LaunchScreen.storyboard;
			sourceTree = "<group>";
		};
/* End PBXVariantGroup section */

/* Begin XCBuildConfiguration section */
		32459B501D5CF71E006328CC /* Debug */ = {
			isa = XCBuildConfiguration;
			buildSettings = {
				ALWAYS_SEARCH_USER_PATHS = NO;
				CLANG_ANALYZER_NONNULL = YES;
				CLANG_CXX_LANGUAGE_STANDARD = "gnu++0x";
				CLANG_CXX_LIBRARY = "libc++";
				CLANG_ENABLE_MODULES = YES;
				CLANG_ENABLE_OBJC_ARC = YES;
				CLANG_WARN_BOOL_CONVERSION = YES;
				CLANG_WARN_CONSTANT_CONVERSION = YES;
				CLANG_WARN_DIRECT_OBJC_ISA_USAGE = YES_ERROR;
				CLANG_WARN_EMPTY_BODY = YES;
				CLANG_WARN_ENUM_CONVERSION = YES;
				CLANG_WARN_INT_CONVERSION = YES;
				CLANG_WARN_OBJC_ROOT_CLASS = YES_ERROR;
				CLANG_WARN_UNREACHABLE_CODE = YES;
				CLANG_WARN__DUPLICATE_METHOD_MATCH = YES;
				"CODE_SIGN_IDENTITY[sdk=iphoneos*]" = "iPhone Developer";
				COPY_PHASE_STRIP = NO;
				DEBUG_INFORMATION_FORMAT = dwarf;
				ENABLE_STRICT_OBJC_MSGSEND = YES;
				ENABLE_TESTABILITY = YES;
				GCC_C_LANGUAGE_STANDARD = gnu99;
				GCC_DYNAMIC_NO_PIC = NO;
				GCC_NO_COMMON_BLOCKS = YES;
				GCC_OPTIMIZATION_LEVEL = 0;
				GCC_PREPROCESSOR_DEFINITIONS = (
					"DEBUG=1",
					"$(inherited)",
				);
				GCC_WARN_64_TO_32_BIT_CONVERSION = YES;
				GCC_WARN_ABOUT_RETURN_TYPE = YES_ERROR;
				GCC_WARN_UNDECLARED_SELECTOR = YES;
				GCC_WARN_UNINITIALIZED_AUTOS = YES_AGGRESSIVE;
				GCC_WARN_UNUSED_FUNCTION = YES;
				GCC_WARN_UNUSED_VARIABLE = YES;
				IPHONEOS_DEPLOYMENT_TARGET = 9.3;
				MTL_ENABLE_DEBUG_INFO = YES;
				ONLY_ACTIVE_ARCH = YES;
				SDKROOT = iphoneos;
				SWIFT_OPTIMIZATION_LEVEL = "-Onone";
				TARGETED_DEVICE_FAMILY = "1,2";
			};
			name = Debug;
		};
		32459B511D5CF71E006328CC /* Release */ = {
			isa = XCBuildConfiguration;
			buildSettings = {
				ALWAYS_SEARCH_USER_PATHS = NO;
				CLANG_ANALYZER_NONNULL = YES;
				CLANG_CXX_LANGUAGE_STANDARD = "gnu++0x";
				CLANG_CXX_LIBRARY = "libc++";
				CLANG_ENABLE_MODULES = YES;
				CLANG_ENABLE_OBJC_ARC = YES;
				CLANG_WARN_BOOL_CONVERSION = YES;
				CLANG_WARN_CONSTANT_CONVERSION = YES;
				CLANG_WARN_DIRECT_OBJC_ISA_USAGE = YES_ERROR;
				CLANG_WARN_EMPTY_BODY = YES;
				CLANG_WARN_ENUM_CONVERSION = YES;
				CLANG_WARN_INT_CONVERSION = YES;
				CLANG_WARN_OBJC_ROOT_CLASS = YES_ERROR;
				CLANG_WARN_UNREACHABLE_CODE = YES;
				CLANG_WARN__DUPLICATE_METHOD_MATCH = YES;
				"CODE_SIGN_IDENTITY[sdk=iphoneos*]" = "iPhone Developer";
				COPY_PHASE_STRIP = NO;
				DEBUG_INFORMATION_FORMAT = "dwarf-with-dsym";
				ENABLE_NS_ASSERTIONS = NO;
				ENABLE_STRICT_OBJC_MSGSEND = YES;
				GCC_C_LANGUAGE_STANDARD = gnu99;
				GCC_NO_COMMON_BLOCKS = YES;
				GCC_WARN_64_TO_32_BIT_CONVERSION = YES;
				GCC_WARN_ABOUT_RETURN_TYPE = YES_ERROR;
				GCC_WARN_UNDECLARED_SELECTOR = YES;
				GCC_WARN_UNINITIALIZED_AUTOS = YES_AGGRESSIVE;
				GCC_WARN_UNUSED_FUNCTION = YES;
				GCC_WARN_UNUSED_VARIABLE = YES;
				IPHONEOS_DEPLOYMENT_TARGET = 9.3;
				MTL_ENABLE_DEBUG_INFO = NO;
				SDKROOT = iphoneos;
				TARGETED_DEVICE_FAMILY = "1,2";
				VALIDATE_PRODUCT = YES;
			};
			name = Release;
		};
		32459B531D5CF71E006328CC /* Debug */ = {
			isa = XCBuildConfiguration;
			buildSettings = {
				ASSETCATALOG_COMPILER_APPICON_NAME = AppIcon;
				INFOPLIST_FILE = PitchPerfect/Info.plist;
				LD_RUNPATH_SEARCH_PATHS = "$(inherited) @executable_path/Frameworks";
				PRODUCT_BUNDLE_IDENTIFIER = "com.w-wang.PitchPerfect";
				PRODUCT_NAME = "$(TARGET_NAME)";
			};
			name = Debug;
		};
		32459B541D5CF71E006328CC /* Release */ = {
			isa = XCBuildConfiguration;
			buildSettings = {
				ASSETCATALOG_COMPILER_APPICON_NAME = AppIcon;
				INFOPLIST_FILE = PitchPerfect/Info.plist;
				LD_RUNPATH_SEARCH_PATHS = "$(inherited) @executable_path/Frameworks";
				PRODUCT_BUNDLE_IDENTIFIER = "com.w-wang.PitchPerfect";
				PRODUCT_NAME = "$(TARGET_NAME)";
			};
			name = Release;
		};
		32459B561D5CF71E006328CC /* Debug */ = {
			isa = XCBuildConfiguration;
			buildSettings = {
				BUNDLE_LOADER = "$(TEST_HOST)";
				INFOPLIST_FILE = PitchPerfectTests/Info.plist;
				LD_RUNPATH_SEARCH_PATHS = "$(inherited) @executable_path/Frameworks @loader_path/Frameworks";
				PRODUCT_BUNDLE_IDENTIFIER = "com.w-wang.PitchPerfectTests";
				PRODUCT_NAME = "$(TARGET_NAME)";
				TEST_HOST = "$(BUILT_PRODUCTS_DIR)/PitchPerfect.app/PitchPerfect";
			};
			name = Debug;
		};
		32459B571D5CF71E006328CC /* Release */ = {
			isa = XCBuildConfiguration;
			buildSettings = {
				BUNDLE_LOADER = "$(TEST_HOST)";
				INFOPLIST_FILE = PitchPerfectTests/Info.plist;
				LD_RUNPATH_SEARCH_PATHS = "$(inherited) @executable_path/Frameworks @loader_path/Frameworks";
				PRODUCT_BUNDLE_IDENTIFIER = "com.w-wang.PitchPerfectTests";
				PRODUCT_NAME = "$(TARGET_NAME)";
				TEST_HOST = "$(BUILT_PRODUCTS_DIR)/PitchPerfect.app/PitchPerfect";
			};
			name = Release;
		};
		32459B591D5CF71E006328CC /* Debug */ = {
			isa = XCBuildConfiguration;
			buildSettings = {
				INFOPLIST_FILE = PitchPerfectUITests/Info.plist;
				LD_RUNPATH_SEARCH_PATHS = "$(inherited) @executable_path/Frameworks @loader_path/Frameworks";
				PRODUCT_BUNDLE_IDENTIFIER = "com.w-wang.PitchPerfectUITests";
				PRODUCT_NAME = "$(TARGET_NAME)";
				TEST_TARGET_NAME = PitchPerfect;
			};
			name = Debug;
		};
		32459B5A1D5CF71E006328CC /* Release */ = {
			isa = XCBuildConfiguration;
			buildSettings = {
				INFOPLIST_FILE = PitchPerfectUITests/Info.plist;
				LD_RUNPATH_SEARCH_PATHS = "$(inherited) @executable_path/Frameworks @loader_path/Frameworks";
				PRODUCT_BUNDLE_IDENTIFIER = "com.w-wang.PitchPerfectUITests";
				PRODUCT_NAME = "$(TARGET_NAME)";
				TEST_TARGET_NAME = PitchPerfect;
			};
			name = Release;
		};
/* End XCBuildConfiguration section */

/* Begin XCConfigurationList section */
		32459B251D5CF71D006328CC /* Build configuration list for PBXProject "PitchPerfect" */ = {
			isa = XCConfigurationList;
			buildConfigurations = (
				32459B501D5CF71E006328CC /* Debug */,
				32459B511D5CF71E006328CC /* Release */,
			);
			defaultConfigurationIsVisible = 0;
			defaultConfigurationName = Release;
		};
		32459B521D5CF71E006328CC /* Build configuration list for PBXNativeTarget "PitchPerfect" */ = {
			isa = XCConfigurationList;
			buildConfigurations = (
				32459B531D5CF71E006328CC /* Debug */,
				32459B541D5CF71E006328CC /* Release */,
			);
			defaultConfigurationIsVisible = 0;
		};
		32459B551D5CF71E006328CC /* Build configuration list for PBXNativeTarget "PitchPerfectTests" */ = {
			isa = XCConfigurationList;
			buildConfigurations = (
				32459B561D5CF71E006328CC /* Debug */,
				32459B571D5CF71E006328CC /* Release */,
			);
			defaultConfigurationIsVisible = 0;
		};
		32459B581D5CF71E006328CC /* Build configuration list for PBXNativeTarget "PitchPerfectUITests" */ = {
			isa = XCConfigurationList;
			buildConfigurations = (
				32459B591D5CF71E006328CC /* Debug */,
				32459B5A1D5CF71E006328CC /* Release */,
			);
			defaultConfigurationIsVisible = 0;
		};
/* End XCConfigurationList section */
	};
	rootObject = 32459B221D5CF71D006328CC /* Project object */;
}
